
Microsoft Visual Studio Solution File, Format Version 12.00
# Visual Studio Version 16
VisualStudioVersion = 16.0.29806.167
MinimumVisualStudioVersion = 10.0.40219.1
Project("{FAE04EC0-301F-11D3-BF4B-00C04F79EFBC}") = "MoneyBee", "MoneyBee.csproj", "{9F09602B-EBEA-4F2C-B071-B872463B5A03}"
EndProject
Project("{9A19103F-16F7-4668-BE54-9A1E7A4F7556}") = "DatabaseTests", "..\DatabaseTests\DatabaseTests.csproj", "{5D4BE4C1-1292-4C0A-829B-1CDE516194AC}"
EndProject
Project("{9A19103F-16F7-4668-BE54-9A1E7A4F7556}") = "NotificationsTests", "..\NotificationsTests\NotificationsTests.csproj", "{7848B83D-BD12-4064-9C45-A249CE6611E5}"
EndProject
Project("{9A19103F-16F7-4668-BE54-9A1E7A4F7556}") = "TransactionHistoryTests", "..\TransactionHistoryTests\TransactionHistoryTests.csproj", "{BA75D6CB-0F98-464F-847C-988584DBE88E}"
EndProject
Project("{9A19103F-16F7-4668-BE54-9A1E7A4F7556}") = "UserTests", "..\UserTests\UserTests.csproj", "{CA0AD7DC-F31A-44C4-A38E-98DA680F4443}"
EndProject
Project("{9A19103F-16F7-4668-BE54-9A1E7A4F7556}") = "DateTests", "..\DateTests\DateTests.csproj", "{40A9120E-A600-44F9-8584-E27D82FF6916}"
EndProject
Project("{9A19103F-16F7-4668-BE54-9A1E7A4F7556}") = "LoginManagerTests", "..\LoginManagerTests\LoginManagerTests.csproj", "{0AA1C358-E90C-44CB-8102-558654328E47}"
EndProject
Project("{9A19103F-16F7-4668-BE54-9A1E7A4F7556}") = "CategoryTests", "..\CategoryTests\CategoryTests.csproj", "{AF8D0B77-0CFF-4EF2-A0ED-7D0E506DF8DF}"
EndProject
Project("{9A19103F-16F7-4668-BE54-9A1E7A4F7556}") = "CategoryListTests", "..\CategoryListTests\CategoryListTests.csproj", "{2863E0B2-D066-40F5-B0AF-62A754F532A6}"
EndProject
Project("{9A19103F-16F7-4668-BE54-9A1E7A4F7556}") = "TransactionTests", "..\TransactionTests\TransactionTests.csproj", "{0E0691C2-67AD-4611-916A-BF98775524DF}"
EndProject
Project("{FAE04EC0-301F-11D3-BF4B-00C04F79EFBC}") = "RegistrationManagerTests", "..\RegistrationManagerTests\RegistrationManagerTests.csproj", "{26B92AF8-315D-43BF-8C82-EAFB722D0779}"
EndProject
Global
	GlobalSection(SolutionConfigurationPlatforms) = preSolution
		Debug|Any CPU = Debug|Any CPU
		Release|Any CPU = Release|Any CPU
	EndGlobalSection
	GlobalSection(ProjectConfigurationPlatforms) = postSolution
		{9F09602B-EBEA-4F2C-B071-B872463B5A03}.Debug|Any CPU.ActiveCfg = Debug|Any CPU
		{9F09602B-EBEA-4F2C-B071-B872463B5A03}.Debug|Any CPU.Build.0 = Debug|Any CPU
		{9F09602B-EBEA-4F2C-B071-B872463B5A03}.Release|Any CPU.ActiveCfg = Release|Any CPU
		{9F09602B-EBEA-4F2C-B071-B872463B5A03}.Release|Any CPU.Build.0 = Release|Any CPU
		{5D4BE4C1-1292-4C0A-829B-1CDE516194AC}.Debug|Any CPU.ActiveCfg = Debug|Any CPU
		{5D4BE4C1-1292-4C0A-829B-1CDE516194AC}.Debug|Any CPU.Build.0 = Debug|Any CPU
		{5D4BE4C1-1292-4C0A-829B-1CDE516194AC}.Release|Any CPU.ActiveCfg = Release|Any CPU
		{5D4BE4C1-1292-4C0A-829B-1CDE516194AC}.Release|Any CPU.Build.0 = Release|Any CPU
		{7848B83D-BD12-4064-9C45-A249CE6611E5}.Debug|Any CPU.ActiveCfg = Debug|Any CPU
		{7848B83D-BD12-4064-9C45-A249CE6611E5}.Debug|Any CPU.Build.0 = Debug|Any CPU
		{7848B83D-BD12-4064-9C45-A249CE6611E5}.Release|Any CPU.ActiveCfg = Release|Any CPU
		{7848B83D-BD12-4064-9C45-A249CE6611E5}.Release|Any CPU.Build.0 = Release|Any CPU
		{BA75D6CB-0F98-464F-847C-988584DBE88E}.Debug|Any CPU.ActiveCfg = Debug|Any CPU
		{BA75D6CB-0F98-464F-847C-988584DBE88E}.Debug|Any CPU.Build.0 = Debug|Any CPU
		{BA75D6CB-0F98-464F-847C-988584DBE88E}.Release|Any CPU.ActiveCfg = Release|Any CPU
		{BA75D6CB-0F98-464F-847C-988584DBE88E}.Release|Any CPU.Build.0 = Release|Any CPU
		{CA0AD7DC-F31A-44C4-A38E-98DA680F4443}.Debug|Any CPU.ActiveCfg = Debug|Any CPU
		{CA0AD7DC-F31A-44C4-A38E-98DA680F4443}.Debug|Any CPU.Build.0 = Debug|Any CPU
		{CA0AD7DC-F31A-44C4-A38E-98DA680F4443}.Release|Any CPU.ActiveCfg = Release|Any CPU
		{CA0AD7DC-F31A-44C4-A38E-98DA680F4443}.Release|Any CPU.Build.0 = Release|Any CPU
		{40A9120E-A600-44F9-8584-E27D82FF6916}.Debug|Any CPU.ActiveCfg = Debug|Any CPU
		{40A9120E-A600-44F9-8584-E27D82FF6916}.Debug|Any CPU.Build.0 = Debug|Any CPU
		{40A9120E-A600-44F9-8584-E27D82FF6916}.Release|Any CPU.ActiveCfg = Release|Any CPU
		{40A9120E-A600-44F9-8584-E27D82FF6916}.Release|Any CPU.Build.0 = Release|Any CPU
		{0AA1C358-E90C-44CB-8102-558654328E47}.Debug|Any CPU.ActiveCfg = Debug|Any CPU
		{0AA1C358-E90C-44CB-8102-558654328E47}.Debug|Any CPU.Build.0 = Debug|Any CPU
		{0AA1C358-E90C-44CB-8102-558654328E47}.Release|Any CPU.ActiveCfg = Release|Any CPU
		{0AA1C358-E90C-44CB-8102-558654328E47}.Release|Any CPU.Build.0 = Release|Any CPU
		{AF8D0B77-0CFF-4EF2-A0ED-7D0E506DF8DF}.Debug|Any CPU.ActiveCfg = Debug|Any CPU
		{AF8D0B77-0CFF-4EF2-A0ED-7D0E506DF8DF}.Debug|Any CPU.Build.0 = Debug|Any CPU
		{AF8D0B77-0CFF-4EF2-A0ED-7D0E506DF8DF}.Release|Any CPU.ActiveCfg = Release|Any CPU
		{AF8D0B77-0CFF-4EF2-A0ED-7D0E506DF8DF}.Release|Any CPU.Build.0 = Release|Any CPU
		{2863E0B2-D066-40F5-B0AF-62A754F532A6}.Debug|Any CPU.ActiveCfg = Debug|Any CPU
		{2863E0B2-D066-40F5-B0AF-62A754F532A6}.Debug|Any CPU.Build.0 = Debug|Any CPU
		{2863E0B2-D066-40F5-B0AF-62A754F532A6}.Release|Any CPU.ActiveCfg = Release|Any CPU
		{2863E0B2-D066-40F5-B0AF-62A754F532A6}.Release|Any CPU.Build.0 = Release|Any CPU
		{0E0691C2-67AD-4611-916A-BF98775524DF}.Debug|Any CPU.ActiveCfg = Debug|Any CPU
		{0E0691C2-67AD-4611-916A-BF98775524DF}.Debug|Any CPU.Build.0 = Debug|Any CPU
		{0E0691C2-67AD-4611-916A-BF98775524DF}.Release|Any CPU.ActiveCfg = Release|Any CPU
		{0E0691C2-67AD-4611-916A-BF98775524DF}.Release|Any CPU.Build.0 = Release|Any CPU
		{26B92AF8-315D-43BF-8C82-EAFB722D0779}.Debug|Any CPU.ActiveCfg = Debug|Any CPU
		{26B92AF8-315D-43BF-8C82-EAFB722D0779}.Debug|Any CPU.Build.0 = Debug|Any CPU
		{26B92AF8-315D-43BF-8C82-EAFB722D0779}.Release|Any CPU.ActiveCfg = Release|Any CPU
		{26B92AF8-315D-43BF-8C82-EAFB722D0779}.Release|Any CPU.Build.0 = Release|Any CPU
	EndGlobalSection
	GlobalSection(SolutionProperties) = preSolution
		HideSolutionNode = FALSE
	EndGlobalSection
	GlobalSection(ExtensibilityGlobals) = postSolution
		SolutionGuid = {AA9A2315-222B-4F57-A269-77E7E05CDC30}
	EndGlobalSection
EndGlobal
